<Solution>
  <Project Path="../Movies.Application/Movies.Application.csproj" />
  <Project Path="../Movies.Contracts/Movies.Contracts.csproj" />
  <Project Path="Identity.Api/Identity.Api.csproj" Id="6da1cefb-43bb-4196-a086-f6d565e6461d" />
  <Project Path="Movies.Api/Movies.Api.csproj" />
</Solution>
